// !$*UTF8*$!
{
	archiveVersion = 1;
	classes = {
	};
	objectVersion = 46;
	objects = {

/* Begin PBXBuildFile section */
		62BB3561F7654FED5EEB34BA /* Pods_TwitterAppTests.framework in Frameworks */ = {isa = PBXBuildFile; fileRef = 9DF563067500F80326B23112 /* Pods_TwitterAppTests.framework */; };
		66852A54565DEBD201C72427 /* Pods_TwitterAppUITests.framework in Frameworks */ = {isa = PBXBuildFile; fileRef = 88DE35FC45768EF120C25ACE /* Pods_TwitterAppUITests.framework */; };
		806F31651D4EE41200DB4741 /* User.swift in Sources */ = {isa = PBXBuildFile; fileRef = 806F31641D4EE41200DB4741 /* User.swift */; };
		806F31671D4EE42800DB4741 /* Tweet.swift in Sources */ = {isa = PBXBuildFile; fileRef = 806F31661D4EE42800DB4741 /* Tweet.swift */; };
		806F316C1D4EEE0500DB4741 /* TwitterClient.swift in Sources */ = {isa = PBXBuildFile; fileRef = 806F316B1D4EEE0500DB4741 /* TwitterClient.swift */; };
		806F316E1D4EFC8B00DB4741 /* TweetsViewController.swift in Sources */ = {isa = PBXBuildFile; fileRef = 806F316D1D4EFC8B00DB4741 /* TweetsViewController.swift */; };
		806F31721D4F29C000DB4741 /* TweetCell.swift in Sources */ = {isa = PBXBuildFile; fileRef = 806F31711D4F29C000DB4741 /* TweetCell.swift */; };
		8082B1A21D49B49F00169B7F /* LoginViewController.swift in Sources */ = {isa = PBXBuildFile; fileRef = 8082B1A11D49B49F00169B7F /* LoginViewController.swift */; };
		809353EF1D49B16F00A9C9AB /* AppDelegate.swift in Sources */ = {isa = PBXBuildFile; fileRef = 809353EE1D49B16F00A9C9AB /* AppDelegate.swift */; };
		809353F41D49B16F00A9C9AB /* Main.storyboard in Resources */ = {isa = PBXBuildFile; fileRef = 809353F21D49B16F00A9C9AB /* Main.storyboard */; };
		809353F61D49B16F00A9C9AB /* Assets.xcassets in Resources */ = {isa = PBXBuildFile; fileRef = 809353F51D49B16F00A9C9AB /* Assets.xcassets */; };
		809353F91D49B16F00A9C9AB /* LaunchScreen.storyboard in Resources */ = {isa = PBXBuildFile; fileRef = 809353F71D49B16F00A9C9AB /* LaunchScreen.storyboard */; };
		809354041D49B16F00A9C9AB /* TwitterAppTests.swift in Sources */ = {isa = PBXBuildFile; fileRef = 809354031D49B16F00A9C9AB /* TwitterAppTests.swift */; };
		8093540F1D49B16F00A9C9AB /* TwitterAppUITests.swift in Sources */ = {isa = PBXBuildFile; fileRef = 8093540E1D49B16F00A9C9AB /* TwitterAppUITests.swift */; };
		80E8C0921D502C3F003F3F1B /* TweetDetailViewController.swift in Sources */ = {isa = PBXBuildFile; fileRef = 80E8C0911D502C3F003F3F1B /* TweetDetailViewController.swift */; };
		80E8C0941D50421E003F3F1B /* ComposeViewController.swift in Sources */ = {isa = PBXBuildFile; fileRef = 80E8C0931D50421E003F3F1B /* ComposeViewController.swift */; };
		AE157BEBE44B6ECEE013A194 /* Pods_TwitterApp.framework in Frameworks */ = {isa = PBXBuildFile; fileRef = 38B903D150F92D4C1B99B6BD /* Pods_TwitterApp.framework */; };
/* End PBXBuildFile section */

/* Begin PBXContainerItemProxy section */
		809354001D49B16F00A9C9AB /* PBXContainerItemProxy */ = {
			isa = PBXContainerItemProxy;
			containerPortal = 809353E31D49B16F00A9C9AB /* Project object */;
			proxyType = 1;
			remoteGlobalIDString = 809353EA1D49B16F00A9C9AB;
			remoteInfo = TwitterApp;
		};
		8093540B1D49B16F00A9C9AB /* PBXContainerItemProxy */ = {
			isa = PBXContainerItemProxy;
			containerPortal = 809353E31D49B16F00A9C9AB /* Project object */;
			proxyType = 1;
			remoteGlobalIDString = 809353EA1D49B16F00A9C9AB;
			remoteInfo = TwitterApp;
		};
/* End PBXContainerItemProxy section */

/* Begin PBXFileReference section */
		1898A3919946B5463E624699 /* Pods-TwitterAppTests.release.xcconfig */ = {isa = PBXFileReference; includeInIndex = 1; lastKnownFileType = text.xcconfig; name = "Pods-TwitterAppTests.release.xcconfig"; path = "Pods/Target Support Files/Pods-TwitterAppTests/Pods-TwitterAppTests.release.xcconfig"; sourceTree = "<group>"; };
		38B903D150F92D4C1B99B6BD /* Pods_TwitterApp.framework */ = {isa = PBXFileReference; explicitFileType = wrapper.framework; includeInIndex = 0; path = Pods_TwitterApp.framework; sourceTree = BUILT_PRODUCTS_DIR; };
		5B4BF45E83121B381A36A468 /* Pods-TwitterAppTests.debug.xcconfig */ = {isa = PBXFileReference; includeInIndex = 1; lastKnownFileType = text.xcconfig; name = "Pods-TwitterAppTests.debug.xcconfig"; path = "Pods/Target Support Files/Pods-TwitterAppTests/Pods-TwitterAppTests.debug.xcconfig"; sourceTree = "<group>"; };
		6263CCB27490E6D6A6577617 /* Pods-TwitterApp.release.xcconfig */ = {isa = PBXFileReference; includeInIndex = 1; lastKnownFileType = text.xcconfig; name = "Pods-TwitterApp.release.xcconfig"; path = "Pods/Target Support Files/Pods-TwitterApp/Pods-TwitterApp.release.xcconfig"; sourceTree = "<group>"; };
		63679B0D01F1A58C9B4FE791 /* Pods-TwitterAppUITests.release.xcconfig */ = {isa = PBXFileReference; includeInIndex = 1; lastKnownFileType = text.xcconfig; name = "Pods-TwitterAppUITests.release.xcconfig"; path = "Pods/Target Support Files/Pods-TwitterAppUITests/Pods-TwitterAppUITests.release.xcconfig"; sourceTree = "<group>"; };
		72CA502EE51365673BED137A /* Pods-TwitterApp.debug.xcconfig */ = {isa = PBXFileReference; includeInIndex = 1; lastKnownFileType = text.xcconfig; name = "Pods-TwitterApp.debug.xcconfig"; path = "Pods/Target Support Files/Pods-TwitterApp/Pods-TwitterApp.debug.xcconfig"; sourceTree = "<group>"; };
		806F31641D4EE41200DB4741 /* User.swift */ = {isa = PBXFileReference; fileEncoding = 4; lastKnownFileType = sourcecode.swift; path = User.swift; sourceTree = "<group>"; };
		806F31661D4EE42800DB4741 /* Tweet.swift */ = {isa = PBXFileReference; fileEncoding = 4; lastKnownFileType = sourcecode.swift; path = Tweet.swift; sourceTree = "<group>"; };
		806F316B1D4EEE0500DB4741 /* TwitterClient.swift */ = {isa = PBXFileReference; fileEncoding = 4; lastKnownFileType = sourcecode.swift; path = TwitterClient.swift; sourceTree = "<group>"; };
		806F316D1D4EFC8B00DB4741 /* TweetsViewController.swift */ = {isa = PBXFileReference; fileEncoding = 4; lastKnownFileType = sourcecode.swift; path = TweetsViewController.swift; sourceTree = "<group>"; };
		806F31711D4F29C000DB4741 /* TweetCell.swift */ = {isa = PBXFileReference; fileEncoding = 4; lastKnownFileType = sourcecode.swift; path = TweetCell.swift; sourceTree = "<group>"; };
		8082B1A11D49B49F00169B7F /* LoginViewController.swift */ = {isa = PBXFileReference; fileEncoding = 4; lastKnownFileType = sourcecode.swift; path = LoginViewController.swift; sourceTree = "<group>"; };
		809353EB1D49B16F00A9C9AB /* TwitterApp.app */ = {isa = PBXFileReference; explicitFileType = wrapper.application; includeInIndex = 0; path = TwitterApp.app; sourceTree = BUILT_PRODUCTS_DIR; };
		809353EE1D49B16F00A9C9AB /* AppDelegate.swift */ = {isa = PBXFileReference; lastKnownFileType = sourcecode.swift; path = AppDelegate.swift; sourceTree = "<group>"; };
		809353F31D49B16F00A9C9AB /* Base */ = {isa = PBXFileReference; lastKnownFileType = file.storyboard; name = Base; path = Base.lproj/Main.storyboard; sourceTree = "<group>"; };
		809353F51D49B16F00A9C9AB /* Assets.xcassets */ = {isa = PBXFileReference; lastKnownFileType = folder.assetcatalog; path = Assets.xcassets; sourceTree = "<group>"; };
		809353F81D49B16F00A9C9AB /* Base */ = {isa = PBXFileReference; lastKnownFileType = file.storyboard; name = Base; path = Base.lproj/LaunchScreen.storyboard; sourceTree = "<group>"; };
		809353FA1D49B16F00A9C9AB /* Info.plist */ = {isa = PBXFileReference; lastKnownFileType = text.plist.xml; path = Info.plist; sourceTree = "<group>"; };
		809353FF1D49B16F00A9C9AB /* TwitterAppTests.xctest */ = {isa = PBXFileReference; explicitFileType = wrapper.cfbundle; includeInIndex = 0; path = TwitterAppTests.xctest; sourceTree = BUILT_PRODUCTS_DIR; };
		809354031D49B16F00A9C9AB /* TwitterAppTests.swift */ = {isa = PBXFileReference; lastKnownFileType = sourcecode.swift; path = TwitterAppTests.swift; sourceTree = "<group>"; };
		809354051D49B16F00A9C9AB /* Info.plist */ = {isa = PBXFileReference; lastKnownFileType = text.plist.xml; path = Info.plist; sourceTree = "<group>"; };
		8093540A1D49B16F00A9C9AB /* TwitterAppUITests.xctest */ = {isa = PBXFileReference; explicitFileType = wrapper.cfbundle; includeInIndex = 0; path = TwitterAppUITests.xctest; sourceTree = BUILT_PRODUCTS_DIR; };
		8093540E1D49B16F00A9C9AB /* TwitterAppUITests.swift */ = {isa = PBXFileReference; lastKnownFileType = sourcecode.swift; path = TwitterAppUITests.swift; sourceTree = "<group>"; };
		809354101D49B16F00A9C9AB /* Info.plist */ = {isa = PBXFileReference; lastKnownFileType = text.plist.xml; path = Info.plist; sourceTree = "<group>"; };
		80E8C0911D502C3F003F3F1B /* TweetDetailViewController.swift */ = {isa = PBXFileReference; fileEncoding = 4; lastKnownFileType = sourcecode.swift; path = TweetDetailViewController.swift; sourceTree = "<group>"; };
		80E8C0931D50421E003F3F1B /* ComposeViewController.swift */ = {isa = PBXFileReference; fileEncoding = 4; lastKnownFileType = sourcecode.swift; path = ComposeViewController.swift; sourceTree = "<group>"; };
		88DE35FC45768EF120C25ACE /* Pods_TwitterAppUITests.framework */ = {isa = PBXFileReference; explicitFileType = wrapper.framework; includeInIndex = 0; path = Pods_TwitterAppUITests.framework; sourceTree = BUILT_PRODUCTS_DIR; };
		9DF563067500F80326B23112 /* Pods_TwitterAppTests.framework */ = {isa = PBXFileReference; explicitFileType = wrapper.framework; includeInIndex = 0; path = Pods_TwitterAppTests.framework; sourceTree = BUILT_PRODUCTS_DIR; };
		FEBF49D0AE07C1DE6688143A /* Pods-TwitterAppUITests.debug.xcconfig */ = {isa = PBXFileReference; includeInIndex = 1; lastKnownFileType = text.xcconfig; name = "Pods-TwitterAppUITests.debug.xcconfig"; path = "Pods/Target Support Files/Pods-TwitterAppUITests/Pods-TwitterAppUITests.debug.xcconfig"; sourceTree = "<group>"; };
/* End PBXFileReference section */

/* Begin PBXFrameworksBuildPhase section */
		809353E81D49B16F00A9C9AB /* Frameworks */ = {
			isa = PBXFrameworksBuildPhase;
			buildActionMask = 2147483647;
			files = (
				AE157BEBE44B6ECEE013A194 /* Pods_TwitterApp.framework in Frameworks */,
			);
			runOnlyForDeploymentPostprocessing = 0;
		};
		809353FC1D49B16F00A9C9AB /* Frameworks */ = {
			isa = PBXFrameworksBuildPhase;
			buildActionMask = 2147483647;
			files = (
				62BB3561F7654FED5EEB34BA /* Pods_TwitterAppTests.framework in Frameworks */,
			);
			runOnlyForDeploymentPostprocessing = 0;
		};
		809354071D49B16F00A9C9AB /* Frameworks */ = {
			isa = PBXFrameworksBuildPhase;
			buildActionMask = 2147483647;
			files = (
				66852A54565DEBD201C72427 /* Pods_TwitterAppUITests.framework in Frameworks */,
			);
			runOnlyForDeploymentPostprocessing = 0;
		};
/* End PBXFrameworksBuildPhase section */

/* Begin PBXGroup section */
		5D3BECBFF3BE48FD2786CF8C /* Frameworks */ = {
			isa = PBXGroup;
			children = (
				38B903D150F92D4C1B99B6BD /* Pods_TwitterApp.framework */,
				9DF563067500F80326B23112 /* Pods_TwitterAppTests.framework */,
				88DE35FC45768EF120C25ACE /* Pods_TwitterAppUITests.framework */,
			);
			name = Frameworks;
			sourceTree = "<group>";
		};
		806F31601D4EE37B00DB4741 /* Models */ = {
			isa = PBXGroup;
			children = (
				806F31641D4EE41200DB4741 /* User.swift */,
				806F31661D4EE42800DB4741 /* Tweet.swift */,
			);
			name = Models;
			sourceTree = "<group>";
		};
		806F31611D4EE38C00DB4741 /* New Group */ = {
			isa = PBXGroup;
			children = (
			);
			name = "New Group";
			sourceTree = "<group>";
		};
		806F31621D4EE3AB00DB4741 /* View Controllers */ = {
			isa = PBXGroup;
			children = (
				8082B1A11D49B49F00169B7F /* LoginViewController.swift */,
				806F316D1D4EFC8B00DB4741 /* TweetsViewController.swift */,
				806F31711D4F29C000DB4741 /* TweetCell.swift */,
				80E8C0911D502C3F003F3F1B /* TweetDetailViewController.swift */,
				80E8C0931D50421E003F3F1B /* ComposeViewController.swift */,
			);
			name = "View Controllers";
			sourceTree = "<group>";
		};
		806F31631D4EE3C300DB4741 /* API */ = {
			isa = PBXGroup;
			children = (
				806F316B1D4EEE0500DB4741 /* TwitterClient.swift */,
			);
			name = API;
			sourceTree = "<group>";
		};
		809353E21D49B16F00A9C9AB = {
			isa = PBXGroup;
			children = (
				809353ED1D49B16F00A9C9AB /* TwitterApp */,
				806F31611D4EE38C00DB4741 /* New Group */,
				809354021D49B16F00A9C9AB /* TwitterAppTests */,
				8093540D1D49B16F00A9C9AB /* TwitterAppUITests */,
				809353EC1D49B16F00A9C9AB /* Products */,
				B367E02C842E46801DC3A883 /* Pods */,
				5D3BECBFF3BE48FD2786CF8C /* Frameworks */,
			);
			sourceTree = "<group>";
		};
		809353EC1D49B16F00A9C9AB /* Products */ = {
			isa = PBXGroup;
			children = (
				809353EB1D49B16F00A9C9AB /* TwitterApp.app */,
				809353FF1D49B16F00A9C9AB /* TwitterAppTests.xctest */,
				8093540A1D49B16F00A9C9AB /* TwitterAppUITests.xctest */,
			);
			name = Products;
			sourceTree = "<group>";
		};
		809353ED1D49B16F00A9C9AB /* TwitterApp */ = {
			isa = PBXGroup;
			children = (
				806F31631D4EE3C300DB4741 /* API */,
				806F31621D4EE3AB00DB4741 /* View Controllers */,
				806F31601D4EE37B00DB4741 /* Models */,
				809353EE1D49B16F00A9C9AB /* AppDelegate.swift */,
				809353F21D49B16F00A9C9AB /* Main.storyboard */,
				809353F51D49B16F00A9C9AB /* Assets.xcassets */,
				809353F71D49B16F00A9C9AB /* LaunchScreen.storyboard */,
				809353FA1D49B16F00A9C9AB /* Info.plist */,
			);
			path = TwitterApp;
			sourceTree = "<group>";
		};
		809354021D49B16F00A9C9AB /* TwitterAppTests */ = {
			isa = PBXGroup;
			children = (
				809354031D49B16F00A9C9AB /* TwitterAppTests.swift */,
				809354051D49B16F00A9C9AB /* Info.plist */,
			);
			path = TwitterAppTests;
			sourceTree = "<group>";
		};
		8093540D1D49B16F00A9C9AB /* TwitterAppUITests */ = {
			isa = PBXGroup;
			children = (
				8093540E1D49B16F00A9C9AB /* TwitterAppUITests.swift */,
				809354101D49B16F00A9C9AB /* Info.plist */,
			);
			path = TwitterAppUITests;
			sourceTree = "<group>";
		};
		B367E02C842E46801DC3A883 /* Pods */ = {
			isa = PBXGroup;
			children = (
				72CA502EE51365673BED137A /* Pods-TwitterApp.debug.xcconfig */,
				6263CCB27490E6D6A6577617 /* Pods-TwitterApp.release.xcconfig */,
				5B4BF45E83121B381A36A468 /* Pods-TwitterAppTests.debug.xcconfig */,
				1898A3919946B5463E624699 /* Pods-TwitterAppTests.release.xcconfig */,
				FEBF49D0AE07C1DE6688143A /* Pods-TwitterAppUITests.debug.xcconfig */,
				63679B0D01F1A58C9B4FE791 /* Pods-TwitterAppUITests.release.xcconfig */,
			);
			name = Pods;
			sourceTree = "<group>";
		};
/* End PBXGroup section */

/* Begin PBXNativeTarget section */
		809353EA1D49B16F00A9C9AB /* TwitterApp */ = {
			isa = PBXNativeTarget;
			buildConfigurationList = 809354131D49B16F00A9C9AB /* Build configuration list for PBXNativeTarget "TwitterApp" */;
			buildPhases = (
				E36812268DA0B3A11D09FE56 /* [CP] Check Pods Manifest.lock */,
				809353E71D49B16F00A9C9AB /* Sources */,
				809353E81D49B16F00A9C9AB /* Frameworks */,
				809353E91D49B16F00A9C9AB /* Resources */,
				9F9B5509B5F0683034841F98 /* [CP] Embed Pods Frameworks */,
				FB52A329D64D45BB4A4E131E /* [CP] Copy Pods Resources */,
			);
			buildRules = (
			);
			dependencies = (
			);
			name = TwitterApp;
			productName = TwitterApp;
			productReference = 809353EB1D49B16F00A9C9AB /* TwitterApp.app */;
			productType = "com.apple.product-type.application";
		};
		809353FE1D49B16F00A9C9AB /* TwitterAppTests */ = {
			isa = PBXNativeTarget;
			buildConfigurationList = 809354161D49B16F00A9C9AB /* Build configuration list for PBXNativeTarget "TwitterAppTests" */;
			buildPhases = (
				5BEF88B960E1CA97D17DFF81 /* [CP] Check Pods Manifest.lock */,
				809353FB1D49B16F00A9C9AB /* Sources */,
				809353FC1D49B16F00A9C9AB /* Frameworks */,
				809353FD1D49B16F00A9C9AB /* Resources */,
				BCF9C943B97B4AD45FB58F88 /* [CP] Embed Pods Frameworks */,
				8A659C1219FACB3786828B61 /* [CP] Copy Pods Resources */,
			);
			buildRules = (
			);
			dependencies = (
				809354011D49B16F00A9C9AB /* PBXTargetDependency */,
			);
			name = TwitterAppTests;
			productName = TwitterAppTests;
			productReference = 809353FF1D49B16F00A9C9AB /* TwitterAppTests.xctest */;
			productType = "com.apple.product-type.bundle.unit-test";
		};
		809354091D49B16F00A9C9AB /* TwitterAppUITests */ = {
			isa = PBXNativeTarget;
			buildConfigurationList = 809354191D49B16F00A9C9AB /* Build configuration list for PBXNativeTarget "TwitterAppUITests" */;
			buildPhases = (
				DD08D85ADE8B0D27548FC2D0 /* [CP] Check Pods Manifest.lock */,
				809354061D49B16F00A9C9AB /* Sources */,
				809354071D49B16F00A9C9AB /* Frameworks */,
				809354081D49B16F00A9C9AB /* Resources */,
				1A91C9A101142C941BF05700 /* [CP] Copy Pods Resources */,
			);
			buildRules = (
			);
			dependencies = (
				8093540C1D49B16F00A9C9AB /* PBXTargetDependency */,
			);
			name = TwitterAppUITests;
			productName = TwitterAppUITests;
			productReference = 8093540A1D49B16F00A9C9AB /* TwitterAppUITests.xctest */;
			productType = "com.apple.product-type.bundle.ui-testing";
		};
/* End PBXNativeTarget section */

/* Begin PBXProject section */
		809353E31D49B16F00A9C9AB /* Project object */ = {
			isa = PBXProject;
			attributes = {
				LastSwiftUpdateCheck = 0730;
				LastUpgradeCheck = 0730;
				ORGANIZATIONNAME = "Pushpinder Jaswal";
				TargetAttributes = {
					809353EA1D49B16F00A9C9AB = {
						CreatedOnToolsVersion = 7.3.1;
						DevelopmentTeam = 64MU8BP39E;
					};
					809353FE1D49B16F00A9C9AB = {
						CreatedOnToolsVersion = 7.3.1;
						DevelopmentTeam = 64MU8BP39E;
						TestTargetID = 809353EA1D49B16F00A9C9AB;
					};
					809354091D49B16F00A9C9AB = {
						CreatedOnToolsVersion = 7.3.1;
						DevelopmentTeam = 64MU8BP39E;
						TestTargetID = 809353EA1D49B16F00A9C9AB;
					};
				};
			};
			buildConfigurationList = 809353E61D49B16F00A9C9AB /* Build configuration list for PBXProject "TwitterApp" */;
			compatibilityVersion = "Xcode 3.2";
			developmentRegion = English;
			hasScannedForEncodings = 0;
			knownRegions = (
				en,
				Base,
			);
			mainGroup = 809353E21D49B16F00A9C9AB;
			productRefGroup = 809353EC1D49B16F00A9C9AB /* Products */;
			projectDirPath = "";
			projectRoot = "";
			targets = (
				809353EA1D49B16F00A9C9AB /* TwitterApp */,
				809353FE1D49B16F00A9C9AB /* TwitterAppTests */,
				809354091D49B16F00A9C9AB /* TwitterAppUITests */,
			);
		};
/* End PBXProject section */

/* Begin PBXResourcesBuildPhase section */
		809353E91D49B16F00A9C9AB /* Resources */ = {
			isa = PBXResourcesBuildPhase;
			buildActionMask = 2147483647;
			files = (
				809353F91D49B16F00A9C9AB /* LaunchScreen.storyboard in Resources */,
				809353F61D49B16F00A9C9AB /* Assets.xcassets in Resources */,
				809353F41D49B16F00A9C9AB /* Main.storyboard in Resources */,
			);
			runOnlyForDeploymentPostprocessing = 0;
		};
		809353FD1D49B16F00A9C9AB /* Resources */ = {
			isa = PBXResourcesBuildPhase;
			buildActionMask = 2147483647;
			files = (
			);
			runOnlyForDeploymentPostprocessing = 0;
		};
		809354081D49B16F00A9C9AB /* Resources */ = {
			isa = PBXResourcesBuildPhase;
			buildActionMask = 2147483647;
			files = (
			);
			runOnlyForDeploymentPostprocessing = 0;
		};
/* End PBXResourcesBuildPhase section */

/* Begin PBXShellScriptBuildPhase section */
		1A91C9A101142C941BF05700 /* [CP] Copy Pods Resources */ = {
			isa = PBXShellScriptBuildPhase;
			buildActionMask = 2147483647;
			files = (
			);
			inputPaths = (
			);
			name = "[CP] Copy Pods Resources";
			outputPaths = (
			);
			runOnlyForDeploymentPostprocessing = 0;
			shellPath = /bin/sh;
			shellScript = "\"${SRCROOT}/Pods/Target Support Files/Pods-TwitterAppUITests/Pods-TwitterAppUITests-resources.sh\"\n";
			showEnvVarsInLog = 0;
		};
		5BEF88B960E1CA97D17DFF81 /* [CP] Check Pods Manifest.lock */ = {
			isa = PBXShellScriptBuildPhase;
			buildActionMask = 2147483647;
			files = (
			);
			inputPaths = (
			);
			name = "[CP] Check Pods Manifest.lock";
			outputPaths = (
			);
			runOnlyForDeploymentPostprocessing = 0;
			shellPath = /bin/sh;
			shellScript = "diff \"${PODS_ROOT}/../Podfile.lock\" \"${PODS_ROOT}/Manifest.lock\" > /dev/null\nif [[ $? != 0 ]] ; then\n    cat << EOM\nerror: The sandbox is not in sync with the Podfile.lock. Run 'pod install' or update your CocoaPods installation.\nEOM\n    exit 1\nfi\n";
			showEnvVarsInLog = 0;
		};
		8A659C1219FACB3786828B61 /* [CP] Copy Pods Resources */ = {
			isa = PBXShellScriptBuildPhase;
			buildActionMask = 2147483647;
			files = (
			);
			inputPaths = (
			);
			name = "[CP] Copy Pods Resources";
			outputPaths = (
			);
			runOnlyForDeploymentPostprocessing = 0;
			shellPath = /bin/sh;
			shellScript = "\"${SRCROOT}/Pods/Target Support Files/Pods-TwitterAppTests/Pods-TwitterAppTests-resources.sh\"\n";
			showEnvVarsInLog = 0;
		};
		9F9B5509B5F0683034841F98 /* [CP] Embed Pods Frameworks */ = {
			isa = PBXShellScriptBuildPhase;
			buildActionMask = 2147483647;
			files = (
			);
			inputPaths = (
			);
			name = "[CP] Embed Pods Frameworks";
			outputPaths = (
			);
			runOnlyForDeploymentPostprocessing = 0;
			shellPath = /bin/sh;
			shellScript = "\"${SRCROOT}/Pods/Target Support Files/Pods-TwitterApp/Pods-TwitterApp-frameworks.sh\"\n";
			showEnvVarsInLog = 0;
		};
		BCF9C943B97B4AD45FB58F88 /* [CP] Embed Pods Frameworks */ = {
			isa = PBXShellScriptBuildPhase;
			buildActionMask = 2147483647;
			files = (
			);
			inputPaths = (
			);
			name = "[CP] Embed Pods Frameworks";
			outputPaths = (
			);
			runOnlyForDeploymentPostprocessing = 0;
			shellPath = /bin/sh;
			shellScript = "\"${SRCROOT}/Pods/Target Support Files/Pods-TwitterAppTests/Pods-TwitterAppTests-frameworks.sh\"\n";
			showEnvVarsInLog = 0;
		};
		DD08D85ADE8B0D27548FC2D0 /* [CP] Check Pods Manifest.lock */ = {
			isa = PBXShellScriptBuildPhase;
			buildActionMask = 2147483647;
			files = (
			);
			inputPaths = (
			);
			name = "[CP] Check Pods Manifest.lock";
			outputPaths = (
			);
			runOnlyForDeploymentPostprocessing = 0;
			shellPath = /bin/sh;
			shellScript = "diff \"${PODS_ROOT}/../Podfile.lock\" \"${PODS_ROOT}/Manifest.lock\" > /dev/null\nif [[ $? != 0 ]] ; then\n    cat << EOM\nerror: The sandbox is not in sync with the Podfile.lock. Run 'pod install' or update your CocoaPods installation.\nEOM\n    exit 1\nfi\n";
			showEnvVarsInLog = 0;
		};
		E36812268DA0B3A11D09FE56 /* [CP] Check Pods Manifest.lock */ = {
			isa = PBXShellScriptBuildPhase;
			buildActionMask = 2147483647;
			files = (
			);
			inputPaths = (
			);
			name = "[CP] Check Pods Manifest.lock";
			outputPaths = (
			);
			runOnlyForDeploymentPostprocessing = 0;
			shellPath = /bin/sh;
			shellScript = "diff \"${PODS_ROOT}/../Podfile.lock\" \"${PODS_ROOT}/Manifest.lock\" > /dev/null\nif [[ $? != 0 ]] ; then\n    cat << EOM\nerror: The sandbox is not in sync with the Podfile.lock. Run 'pod install' or update your CocoaPods installation.\nEOM\n    exit 1\nfi\n";
			showEnvVarsInLog = 0;
		};
		FB52A329D64D45BB4A4E131E /* [CP] Copy Pods Resources */ = {
			isa = PBXShellScriptBuildPhase;
			buildActionMask = 2147483647;
			files = (
			);
			inputPaths = (
			);
			name = "[CP] Copy Pods Resources";
			outputPaths = (
			);
			runOnlyForDeploymentPostprocessing = 0;
			shellPath = /bin/sh;
			shellScript = "\"${SRCROOT}/Pods/Target Support Files/Pods-TwitterApp/Pods-TwitterApp-resources.sh\"\n";
			showEnvVarsInLog = 0;
		};
/* End PBXShellScriptBuildPhase section */

/* Begin PBXSourcesBuildPhase section */
		809353E71D49B16F00A9C9AB /* Sources */ = {
			isa = PBXSourcesBuildPhase;
			buildActionMask = 2147483647;
			files = (
				80E8C0941D50421E003F3F1B /* ComposeViewController.swift in Sources */,
				806F31651D4EE41200DB4741 /* User.swift in Sources */,
				806F31721D4F29C000DB4741 /* TweetCell.swift in Sources */,
				806F31671D4EE42800DB4741 /* Tweet.swift in Sources */,
				8082B1A21D49B49F00169B7F /* LoginViewController.swift in Sources */,
				806F316E1D4EFC8B00DB4741 /* TweetsViewController.swift in Sources */,
				80E8C0921D502C3F003F3F1B /* TweetDetailViewController.swift in Sources */,
				806F316C1D4EEE0500DB4741 /* TwitterClient.swift in Sources */,
				809353EF1D49B16F00A9C9AB /* AppDelegate.swift in Sources */,
			);
			runOnlyForDeploymentPostprocessing = 0;
		};
		809353FB1D49B16F00A9C9AB /* Sources */ = {
			isa = PBXSourcesBuildPhase;
			buildActionMask = 2147483647;
			files = (
				809354041D49B16F00A9C9AB /* TwitterAppTests.swift in Sources */,
			);
			runOnlyForDeploymentPostprocessing = 0;
		};
		809354061D49B16F00A9C9AB /* Sources */ = {
			isa = PBXSourcesBuildPhase;
			buildActionMask = 2147483647;
			files = (
				8093540F1D49B16F00A9C9AB /* TwitterAppUITests.swift in Sources */,
			);
			runOnlyForDeploymentPostprocessing = 0;
		};
/* End PBXSourcesBuildPhase section */

/* Begin PBXTargetDependency section */
		809354011D49B16F00A9C9AB /* PBXTargetDependency */ = {
			isa = PBXTargetDependency;
			target = 809353EA1D49B16F00A9C9AB /* TwitterApp */;
			targetProxy = 809354001D49B16F00A9C9AB /* PBXContainerItemProxy */;
		};
		8093540C1D49B16F00A9C9AB /* PBXTargetDependency */ = {
			isa = PBXTargetDependency;
			target = 809353EA1D49B16F00A9C9AB /* TwitterApp */;
			targetProxy = 8093540B1D49B16F00A9C9AB /* PBXContainerItemProxy */;
		};
/* End PBXTargetDependency section */

/* Begin PBXVariantGroup section */
		809353F21D49B16F00A9C9AB /* Main.storyboard */ = {
			isa = PBXVariantGroup;
			children = (
				809353F31D49B16F00A9C9AB /* Base */,
			);
			name = Main.storyboard;
			sourceTree = "<group>";
		};
		809353F71D49B16F00A9C9AB /* LaunchScreen.storyboard */ = {
			isa = PBXVariantGroup;
			children = (
				809353F81D49B16F00A9C9AB /* Base */,
			);
			name = LaunchScreen.storyboard;
			sourceTree = "<group>";
		};
/* End PBXVariantGroup section */

/* Begin XCBuildConfiguration section */
		809354111D49B16F00A9C9AB /* Debug */ = {
			isa = XCBuildConfiguration;
			buildSettings = {
				ALWAYS_SEARCH_USER_PATHS = NO;
				CLANG_ANALYZER_NONNULL = YES;
				CLANG_CXX_LANGUAGE_STANDARD = "gnu++0x";
				CLANG_CXX_LIBRARY = "libc++";
				CLANG_ENABLE_MODULES = YES;
				CLANG_ENABLE_OBJC_ARC = YES;
				CLANG_WARN_BOOL_CONVERSION = YES;
				CLANG_WARN_CONSTANT_CONVERSION = YES;
				CLANG_WARN_DIRECT_OBJC_ISA_USAGE = YES_ERROR;
				CLANG_WARN_EMPTY_BODY = YES;
				CLANG_WARN_ENUM_CONVERSION = YES;
				CLANG_WARN_INT_CONVERSION = YES;
				CLANG_WARN_OBJC_ROOT_CLASS = YES_ERROR;
				CLANG_WARN_UNREACHABLE_CODE = YES;
				CLANG_WARN__DUPLICATE_METHOD_MATCH = YES;
				"CODE_SIGN_IDENTITY[sdk=iphoneos*]" = "iPhone Developer";
				COPY_PHASE_STRIP = NO;
				DEBUG_INFORMATION_FORMAT = dwarf;
				ENABLE_STRICT_OBJC_MSGSEND = YES;
				ENABLE_TESTABILITY = YES;
				GCC_C_LANGUAGE_STANDARD = gnu99;
				GCC_DYNAMIC_NO_PIC = NO;
				GCC_NO_COMMON_BLOCKS = YES;
				GCC_OPTIMIZATION_LEVEL = 0;
				GCC_PREPROCESSOR_DEFINITIONS = (
					"DEBUG=1",
					"$(inherited)",
				);
				GCC_WARN_64_TO_32_BIT_CONVERSION = YES;
				GCC_WARN_ABOUT_RETURN_TYPE = YES_ERROR;
				GCC_WARN_UNDECLARED_SELECTOR = YES;
				GCC_WARN_UNINITIALIZED_AUTOS = YES_AGGRESSIVE;
				GCC_WARN_UNUSED_FUNCTION = YES;
				GCC_WARN_UNUSED_VARIABLE = YES;
				IPHONEOS_DEPLOYMENT_TARGET = 9.3;
				MTL_ENABLE_DEBUG_INFO = YES;
				ONLY_ACTIVE_ARCH = YES;
				SDKROOT = iphoneos;
				SWIFT_OPTIMIZATION_LEVEL = "-Onone";
			};
			name = Debug;
		};
		809354121D49B16F00A9C9AB /* Release */ = {
			isa = XCBuildConfiguration;
			buildSettings = {
				ALWAYS_SEARCH_USER_PATHS = NO;
				CLANG_ANALYZER_NONNULL = YES;
				CLANG_CXX_LANGUAGE_STANDARD = "gnu++0x";
				CLANG_CXX_LIBRARY = "libc++";
				CLANG_ENABLE_MODULES = YES;
				CLANG_ENABLE_OBJC_ARC = YES;
				CLANG_WARN_BOOL_CONVERSION = YES;
				CLANG_WARN_CONSTANT_CONVERSION = YES;
				CLANG_WARN_DIRECT_OBJC_ISA_USAGE = YES_ERROR;
				CLANG_WARN_EMPTY_BODY = YES;
				CLANG_WARN_ENUM_CONVERSION = YES;
				CLANG_WARN_INT_CONVERSION = YES;
				CLANG_WARN_OBJC_ROOT_CLASS = YES_ERROR;
				CLANG_WARN_UNREACHABLE_CODE = YES;
				CLANG_WARN__DUPLICATE_METHOD_MATCH = YES;
				"CODE_SIGN_IDENTITY[sdk=iphoneos*]" = "iPhone Developer";
				COPY_PHASE_STRIP = NO;
				DEBUG_INFORMATION_FORMAT = "dwarf-with-dsym";
				ENABLE_NS_ASSERTIONS = NO;
				ENABLE_STRICT_OBJC_MSGSEND = YES;
				GCC_C_LANGUAGE_STANDARD = gnu99;
				GCC_NO_COMMON_BLOCKS = YES;
				GCC_WARN_64_TO_32_BIT_CONVERSION = YES;
				GCC_WARN_ABOUT_RETURN_TYPE = YES_ERROR;
				GCC_WARN_UNDECLARED_SELECTOR = YES;
				GCC_WARN_UNINITIALIZED_AUTOS = YES_AGGRESSIVE;
				GCC_WARN_UNUSED_FUNCTION = YES;
				GCC_WARN_UNUSED_VARIABLE = YES;
				IPHONEOS_DEPLOYMENT_TARGET = 9.3;
				MTL_ENABLE_DEBUG_INFO = NO;
				SDKROOT = iphoneos;
				VALIDATE_PRODUCT = YES;
			};
			name = Release;
		};
		809354141D49B16F00A9C9AB /* Debug */ = {
			isa = XCBuildConfiguration;
			baseConfigurationReference = 72CA502EE51365673BED137A /* Pods-TwitterApp.debug.xcconfig */;
			buildSettings = {
				ASSETCATALOG_COMPILER_APPICON_NAME = AppIcon;
				INFOPLIST_FILE = TwitterApp/Info.plist;
				LD_RUNPATH_SEARCH_PATHS = "$(inherited) @executable_path/Frameworks";
				PRODUCT_BUNDLE_IDENTIFIER = com.push.TwitterApp;
				PRODUCT_NAME = "$(TARGET_NAME)";
			};
			name = Debug;
		};
		809354151D49B16F00A9C9AB /* Release */ = {
			isa = XCBuildConfiguration;
			baseConfigurationReference = 6263CCB27490E6D6A6577617 /* Pods-TwitterApp.release.xcconfig */;
			buildSettings = {
				ASSETCATALOG_COMPILER_APPICON_NAME = AppIcon;
				INFOPLIST_FILE = TwitterApp/Info.plist;
				LD_RUNPATH_SEARCH_PATHS = "$(inherited) @executable_path/Frameworks";
				PRODUCT_BUNDLE_IDENTIFIER = com.push.TwitterApp;
				PRODUCT_NAME = "$(TARGET_NAME)";
			};
			name = Release;
		};
		809354171D49B16F00A9C9AB /* Debug */ = {
			isa = XCBuildConfiguration;
			baseConfigurationReference = 5B4BF45E83121B381A36A468 /* Pods-TwitterAppTests.debug.xcconfig */;
			buildSettings = {
				BUNDLE_LOADER = "$(TEST_HOST)";
				INFOPLIST_FILE = TwitterAppTests/Info.plist;
				LD_RUNPATH_SEARCH_PATHS = "$(inherited) @executable_path/Frameworks @loader_path/Frameworks";
				PRODUCT_BUNDLE_IDENTIFIER = com.push.TwitterAppTests;
				PRODUCT_NAME = "$(TARGET_NAME)";
				TEST_HOST = "$(BUILT_PRODUCTS_DIR)/TwitterApp.app/TwitterApp";
			};
			name = Debug;
		};
		809354181D49B16F00A9C9AB /* Release */ = {
			isa = XCBuildConfiguration;
			baseConfigurationReference = 1898A3919946B5463E624699 /* Pods-TwitterAppTests.release.xcconfig */;
			buildSettings = {
				BUNDLE_LOADER = "$(TEST_HOST)";
				INFOPLIST_FILE = TwitterAppTests/Info.plist;
				LD_RUNPATH_SEARCH_PATHS = "$(inherited) @executable_path/Frameworks @loader_path/Frameworks";
				PRODUCT_BUNDLE_IDENTIFIER = com.push.TwitterAppTests;
				PRODUCT_NAME = "$(TARGET_NAME)";
				TEST_HOST = "$(BUILT_PRODUCTS_DIR)/TwitterApp.app/TwitterApp";
			};
			name = Release;
		};
		8093541A1D49B16F00A9C9AB /* Debug */ = {
			isa = XCBuildConfiguration;
			baseConfigurationReference = FEBF49D0AE07C1DE6688143A /* Pods-TwitterAppUITests.debug.xcconfig */;
			buildSettings = {
				INFOPLIST_FILE = TwitterAppUITests/Info.plist;
				LD_RUNPATH_SEARCH_PATHS = "$(inherited) @executable_path/Frameworks @loader_path/Frameworks";
				PRODUCT_BUNDLE_IDENTIFIER = com.push.TwitterAppUITests;
				PRODUCT_NAME = "$(TARGET_NAME)";
				TEST_TARGET_NAME = TwitterApp;
			};
			name = Debug;
		};
		8093541B1D49B16F00A9C9AB /* Release */ = {
			isa = XCBuildConfiguration;
			baseConfigurationReference = 63679B0D01F1A58C9B4FE791 /* Pods-TwitterAppUITests.release.xcconfig */;
			buildSettings = {
				INFOPLIST_FILE = TwitterAppUITests/Info.plist;
				LD_RUNPATH_SEARCH_PATHS = "$(inherited) @executable_path/Frameworks @loader_path/Frameworks";
				PRODUCT_BUNDLE_IDENTIFIER = com.push.TwitterAppUITests;
				PRODUCT_NAME = "$(TARGET_NAME)";
				TEST_TARGET_NAME = TwitterApp;
			};
			name = Release;
		};
/* End XCBuildConfiguration section */

/* Begin XCConfigurationList section */
		809353E61D49B16F00A9C9AB /* Build configuration list for PBXProject "TwitterApp" */ = {
			isa = XCConfigurationList;
			buildConfigurations = (
				809354111D49B16F00A9C9AB /* Debug */,
				809354121D49B16F00A9C9AB /* Release */,
			);
			defaultConfigurationIsVisible = 0;
			defaultConfigurationName = Release;
		};
		809354131D49B16F00A9C9AB /* Build configuration list for PBXNativeTarget "TwitterApp" */ = {
			isa = XCConfigurationList;
			buildConfigurations = (
				809354141D49B16F00A9C9AB /* Debug */,
				809354151D49B16F00A9C9AB /* Release */,
			);
			defaultConfigurationIsVisible = 0;
			defaultConfigurationName = Release;
		};
		809354161D49B16F00A9C9AB /* Build configuration list for PBXNativeTarget "TwitterAppTests" */ = {
			isa = XCConfigurationList;
			buildConfigurations = (
				809354171D49B16F00A9C9AB /* Debug */,
				809354181D49B16F00A9C9AB /* Release */,
			);
			defaultConfigurationIsVisible = 0;
			defaultConfigurationName = Release;
		};
		809354191D49B16F00A9C9AB /* Build configuration list for PBXNativeTarget "TwitterAppUITests" */ = {
			isa = XCConfigurationList;
			buildConfigurations = (
				8093541A1D49B16F00A9C9AB /* Debug */,
				8093541B1D49B16F00A9C9AB /* Release */,
			);
			defaultConfigurationIsVisible = 0;
			defaultConfigurationName = Release;
		};
/* End XCConfigurationList section */
	};
	rootObject = 809353E31D49B16F00A9C9AB /* Project object */;
}
